
Microsoft Visual Studio Solution File, Format Version 12.00
# Visual Studio Version 17
VisualStudioVersion = 17.4.33213.308
MinimumVisualStudioVersion = 10.0.40219.1
Project("{FAE04EC0-301F-11D3-BF4B-00C04F79EFBC}") = "WebFormCRUD", "WebFormCRUD\WebFormCRUD.csproj", "{9B6F15D9-1199-43ED-80AD-40AA627F1C74}"
EndProject
Global
	GlobalSection(SolutionConfigurationPlatforms) = preSolution
		Debug|Any CPU = Debug|Any CPU
		Release|Any CPU = Release|Any CPU
	EndGlobalSection
	GlobalSection(ProjectConfigurationPlatforms) = postSolution
		{9B6F15D9-1199-43ED-80AD-40AA627F1C74}.Debug|Any CPU.ActiveCfg = Debug|Any CPU
		{9B6F15D9-1199-43ED-80AD-40AA627F1C74}.Debug|Any CPU.Build.0 = Debug|Any CPU
		{9B6F15D9-1199-43ED-80AD-40AA627F1C74}.Release|Any CPU.ActiveCfg = Release|Any CPU
		{9B6F15D9-1199-43ED-80AD-40AA627F1C74}.Release|Any CPU.Build.0 = Release|Any CPU
	EndGlobalSection
	GlobalSection(SolutionProperties) = preSolution
		HideSolutionNode = FALSE
	EndGlobalSection
	GlobalSection(ExtensibilityGlobals) = postSolution
		SolutionGuid = {690E94EB-351A-4F8E-B200-D4BA10A9B58C}
	EndGlobalSection
EndGlobal
